
Microsoft Visual Studio Solution File, Format Version 12.00
# Visual Studio Version 16
VisualStudioVersion = 16.0.30413.136
MinimumVisualStudioVersion = 10.0.40219.1
Project("{888888A0-9F3D-457C-B088-3A5042F75D52}") = "PythonConsoleApplication1", "PythonConsoleApplication1.pyproj", "{0C85EC8B-2495-47E4-B887-6BDFF2285BFF}"
EndProject
Global
	GlobalSection(SolutionConfigurationPlatforms) = preSolution
		Debug|Any CPU = Debug|Any CPU
		Release|Any CPU = Release|Any CPU
	EndGlobalSection
	GlobalSection(ProjectConfigurationPlatforms) = postSolution
		{0C85EC8B-2495-47E4-B887-6BDFF2285BFF}.Debug|Any CPU.ActiveCfg = Debug|Any CPU
		{0C85EC8B-2495-47E4-B887-6BDFF2285BFF}.Release|Any CPU.ActiveCfg = Release|Any CPU
	EndGlobalSection
	GlobalSection(SolutionProperties) = preSolution
		HideSolutionNode = FALSE
	EndGlobalSection
	GlobalSection(ExtensibilityGlobals) = postSolution
		SolutionGuid = {D577A1BD-F4BC-48E5-A7FA-ECDC52BBE4DF}
	EndGlobalSection
EndGlobal
